
Microsoft Visual Studio Solution File, Format Version 12.00
# Visual Studio Version 16
VisualStudioVersion = 16.0.29806.167
MinimumVisualStudioVersion = 10.0.40219.1
Project("{FAE04EC0-301F-11D3-BF4B-00C04F79EFBC}") = "DominioNegocio", "DominioNegocio\DominioNegocio.csproj", "{1531DAAB-CE6B-4FF7-8505-1617E1C18953}"
EndProject
Project("{FAE04EC0-301F-11D3-BF4B-00C04F79EFBC}") = "AccesoADatos", "AccesoADatos\AccesoADatos.csproj", "{ACAB3F06-F6D4-4EDB-87FC-A282B90EDD9A}"
EndProject
Project("{FAE04EC0-301F-11D3-BF4B-00C04F79EFBC}") = "Gui", "Gui\Gui.csproj", "{486A87C4-BBCA-43C3-A953-48B9D1FA1186}"
EndProject
Global
	GlobalSection(SolutionConfigurationPlatforms) = preSolution
		Debug|Any CPU = Debug|Any CPU
		Release|Any CPU = Release|Any CPU
	EndGlobalSection
	GlobalSection(ProjectConfigurationPlatforms) = postSolution
		{1531DAAB-CE6B-4FF7-8505-1617E1C18953}.Debug|Any CPU.ActiveCfg = Debug|Any CPU
		{1531DAAB-CE6B-4FF7-8505-1617E1C18953}.Debug|Any CPU.Build.0 = Debug|Any CPU
		{1531DAAB-CE6B-4FF7-8505-1617E1C18953}.Release|Any CPU.ActiveCfg = Release|Any CPU
		{1531DAAB-CE6B-4FF7-8505-1617E1C18953}.Release|Any CPU.Build.0 = Release|Any CPU
		{ACAB3F06-F6D4-4EDB-87FC-A282B90EDD9A}.Debug|Any CPU.ActiveCfg = Debug|Any CPU
		{ACAB3F06-F6D4-4EDB-87FC-A282B90EDD9A}.Debug|Any CPU.Build.0 = Debug|Any CPU
		{ACAB3F06-F6D4-4EDB-87FC-A282B90EDD9A}.Release|Any CPU.ActiveCfg = Release|Any CPU
		{ACAB3F06-F6D4-4EDB-87FC-A282B90EDD9A}.Release|Any CPU.Build.0 = Release|Any CPU
		{486A87C4-BBCA-43C3-A953-48B9D1FA1186}.Debug|Any CPU.ActiveCfg = Debug|Any CPU
		{486A87C4-BBCA-43C3-A953-48B9D1FA1186}.Debug|Any CPU.Build.0 = Debug|Any CPU
		{486A87C4-BBCA-43C3-A953-48B9D1FA1186}.Release|Any CPU.ActiveCfg = Release|Any CPU
		{486A87C4-BBCA-43C3-A953-48B9D1FA1186}.Release|Any CPU.Build.0 = Release|Any CPU
	EndGlobalSection
	GlobalSection(SolutionProperties) = preSolution
		HideSolutionNode = FALSE
	EndGlobalSection
	GlobalSection(ExtensibilityGlobals) = postSolution
		SolutionGuid = {84765FCE-D99B-48B6-B0A4-C8C450D25EE2}
	EndGlobalSection
EndGlobal
